{
  "requires": true,
  "lockfileVersion": 1,
  "dependencies": {
    "iso3166-2-db": {
      "version": "2.3.7",
      "resolved": "https://registry.npmjs.org/iso3166-2-db/-/iso3166-2-db-2.3.7.tgz",
      "integrity": "sha512-WEZzlGegClIqvITk5kL4BmElalIFqg/a6AIX6g0yWXzZCmGZRc6AuOQXdAvmhXXFVYPY6+0gzt003WM6Mrg9tA=="
    }
  }
}
